
Microsoft Visual Studio Solution File, Format Version 12.00
# Visual Studio Version 17
VisualStudioVersion = 17.0.32014.148
MinimumVisualStudioVersion = 10.0.40219.1
Project("{888888A0-9F3D-457C-B088-3A5042F75D52}") = "ColourFormatter", "ColourFormatter\ColourFormatter.pyproj", "{A52BFE66-E3FC-4139-BE1A-8D8CF85F1A5B}"
EndProject
Global
	GlobalSection(SolutionConfigurationPlatforms) = preSolution
		Debug|Any CPU = Debug|Any CPU
		Release|Any CPU = Release|Any CPU
	EndGlobalSection
	GlobalSection(ProjectConfigurationPlatforms) = postSolution
		{A52BFE66-E3FC-4139-BE1A-8D8CF85F1A5B}.Debug|Any CPU.ActiveCfg = Debug|Any CPU
		{A52BFE66-E3FC-4139-BE1A-8D8CF85F1A5B}.Release|Any CPU.ActiveCfg = Release|Any CPU
	EndGlobalSection
	GlobalSection(SolutionProperties) = preSolution
		HideSolutionNode = FALSE
	EndGlobalSection
	GlobalSection(ExtensibilityGlobals) = postSolution
		SolutionGuid = {806B0763-BFD4-442B-B9C0-5DD482BD4A4C}
	EndGlobalSection
EndGlobal
